
Microsoft Visual Studio Solution File, Format Version 12.00
# Visual Studio Version 16
VisualStudioVersion = 16.0.31729.503
MinimumVisualStudioVersion = 10.0.40219.1
Project("{9A19103F-16F7-4668-BE54-9A1E7A4F7556}") = "JobCandidatesAPI", "JobCandidatesAPI\JobCandidatesAPI.csproj", "{25A7F81D-E76D-40C8-82F4-5F2C62328F99}"
EndProject
Project("{9A19103F-16F7-4668-BE54-9A1E7A4F7556}") = "JobCandidatesAPI.Tests", "JobCandidatesAPI.Tests\JobCandidatesAPI.Tests.csproj", "{60607AA4-A63F-4957-8FDE-D309595316E8}"
EndProject
Project("{9A19103F-16F7-4668-BE54-9A1E7A4F7556}") = "JobCandidatesAPI.DAL", "JobCandidatesAPI.DAL\JobCandidatesAPI.DAL.csproj", "{0B338109-AC19-4BD6-B989-6F23F51FFC26}"
EndProject
Project("{9A19103F-16F7-4668-BE54-9A1E7A4F7556}") = "JobCandidatesAPI.Logic", "JobCandidatesAPI.Logic\JobCandidatesAPI.Logic.csproj", "{CC1108B2-801A-4659-9383-08A1AF313302}"
EndProject
Global
	GlobalSection(SolutionConfigurationPlatforms) = preSolution
		Debug|Any CPU = Debug|Any CPU
		Release|Any CPU = Release|Any CPU
	EndGlobalSection
	GlobalSection(ProjectConfigurationPlatforms) = postSolution
		{25A7F81D-E76D-40C8-82F4-5F2C62328F99}.Debug|Any CPU.ActiveCfg = Debug|Any CPU
		{25A7F81D-E76D-40C8-82F4-5F2C62328F99}.Debug|Any CPU.Build.0 = Debug|Any CPU
		{25A7F81D-E76D-40C8-82F4-5F2C62328F99}.Release|Any CPU.ActiveCfg = Release|Any CPU
		{25A7F81D-E76D-40C8-82F4-5F2C62328F99}.Release|Any CPU.Build.0 = Release|Any CPU
		{60607AA4-A63F-4957-8FDE-D309595316E8}.Debug|Any CPU.ActiveCfg = Debug|Any CPU
		{60607AA4-A63F-4957-8FDE-D309595316E8}.Debug|Any CPU.Build.0 = Debug|Any CPU
		{60607AA4-A63F-4957-8FDE-D309595316E8}.Release|Any CPU.ActiveCfg = Release|Any CPU
		{60607AA4-A63F-4957-8FDE-D309595316E8}.Release|Any CPU.Build.0 = Release|Any CPU
		{0B338109-AC19-4BD6-B989-6F23F51FFC26}.Debug|Any CPU.ActiveCfg = Debug|Any CPU
		{0B338109-AC19-4BD6-B989-6F23F51FFC26}.Debug|Any CPU.Build.0 = Debug|Any CPU
		{0B338109-AC19-4BD6-B989-6F23F51FFC26}.Release|Any CPU.ActiveCfg = Release|Any CPU
		{0B338109-AC19-4BD6-B989-6F23F51FFC26}.Release|Any CPU.Build.0 = Release|Any CPU
		{CC1108B2-801A-4659-9383-08A1AF313302}.Debug|Any CPU.ActiveCfg = Debug|Any CPU
		{CC1108B2-801A-4659-9383-08A1AF313302}.Debug|Any CPU.Build.0 = Debug|Any CPU
		{CC1108B2-801A-4659-9383-08A1AF313302}.Release|Any CPU.ActiveCfg = Release|Any CPU
		{CC1108B2-801A-4659-9383-08A1AF313302}.Release|Any CPU.Build.0 = Release|Any CPU
	EndGlobalSection
	GlobalSection(SolutionProperties) = preSolution
		HideSolutionNode = FALSE
	EndGlobalSection
	GlobalSection(ExtensibilityGlobals) = postSolution
		SolutionGuid = {5E4281F6-64A3-4403-8D9D-770BFCFDC96E}
	EndGlobalSection
EndGlobal
